
Microsoft Visual Studio Solution File, Format Version 12.00
# Visual Studio Version 17
VisualStudioVersion = 17.10.35013.160
MinimumVisualStudioVersion = 10.0.40219.1
Project("{FAE04EC0-301F-11D3-BF4B-00C04F79EFBC}") = "CRUDCORE", "CRUDCORE\CRUDCORE.csproj", "{B1016650-14C0-4DD3-916F-20B03C5DA6D5}"
EndProject
Global
	GlobalSection(SolutionConfigurationPlatforms) = preSolution
		Debug|Any CPU = Debug|Any CPU
		Release|Any CPU = Release|Any CPU
	EndGlobalSection
	GlobalSection(ProjectConfigurationPlatforms) = postSolution
		{B1016650-14C0-4DD3-916F-20B03C5DA6D5}.Debug|Any CPU.ActiveCfg = Debug|Any CPU
		{B1016650-14C0-4DD3-916F-20B03C5DA6D5}.Debug|Any CPU.Build.0 = Debug|Any CPU
		{B1016650-14C0-4DD3-916F-20B03C5DA6D5}.Release|Any CPU.ActiveCfg = Release|Any CPU
		{B1016650-14C0-4DD3-916F-20B03C5DA6D5}.Release|Any CPU.Build.0 = Release|Any CPU
	EndGlobalSection
	GlobalSection(SolutionProperties) = preSolution
		HideSolutionNode = FALSE
	EndGlobalSection
	GlobalSection(ExtensibilityGlobals) = postSolution
		SolutionGuid = {DAB890FF-1937-4846-9224-40D417E747B9}
	EndGlobalSection
EndGlobal
